<?xml version="1.0" encoding="utf-8"?>
<Project ToolsVersion="4.0" xmlns="http://schemas.microsoft.com/developer/msbuild/2003">
  <ItemGroup>
    <Filter Include="Pliki źródłowe">
      <UniqueIdentifier>{4FC737F1-C7A5-4376-A066-2A32D752A2FF}</UniqueIdentifier>
      <Extensions>cpp;c;cc;cxx;c++;cppm;ixx;def;odl;idl;hpj;bat;asm;asmx</Extensions>
    </Filter>
    <Filter Include="Pliki nagłówkowe">
      <UniqueIdentifier>{93995380-89BD-4b04-88EB-625FBE52EBFB}</UniqueIdentifier>
      <Extensions>h;hh;hpp;hxx;h++;hm;inl;inc;ipp;xsd</Extensions>
    </Filter>
    <Filter Include="Pliki zasobów">
      <UniqueIdentifier>{67DA6AB6-F800-4c08-8B7A-83BB121AAD01}</UniqueIdentifier>
      <Extensions>rc;ico;cur;bmp;dlg;rc2;rct;bin;rgs;gif;jpg;jpeg;jpe;resx;tiff;tif;png;wav;mfcribbon-ms</Extensions>
    </Filter>
  </ItemGroup>
  <ItemGroup>
    <ClCompile Include="Logowanie.cpp">
      <Filter>Pliki źródłowe</Filter>
    </ClCompile>
    <ClCompile Include="Rejestracja.cpp">
      <Filter>Pliki źródłowe</Filter>
    </ClCompile>
    <ClCompile Include="Rejestracja1.cpp">
      <Filter>Pliki źródłowe</Filter>
    </ClCompile>
    <ClCompile Include="Nawigacja.cpp">
      <Filter>Pliki źródłowe</Filter>
    </ClCompile>
  </ItemGroup>
  <ItemGroup>
    <ClInclude Include="Rejestracja.h">
      <Filter>Pliki nagłówkowe</Filter>
    </ClInclude>
    <ClInclude Include="Rejestracja1.h">
      <Filter>Pliki nagłówkowe</Filter>
    </ClInclude>
    <ClInclude Include="Nawigacja.h">
      <Filter>Pliki nagłówkowe</Filter>
    </ClInclude>
    <ClInclude Include="resource.h">
      <Filter>Pliki nagłówkowe</Filter>
    </ClInclude>
    <ClInclude Include="Logowanie.h">
      <Filter>Pliki nagłówkowe</Filter>
    </ClInclude>
  </ItemGroup>
  <ItemGroup>
    <ResourceCompile Include="Rejestracja Bankowa.rc">
      <Filter>Pliki zasobów</Filter>
    </ResourceCompile>
  </ItemGroup>
  <ItemGroup>
    <None Include="Obrazy\accessout.png">
      <Filter>Pliki zasobów</Filter>
    </None>
    <None Include="Obrazy\complete2.gif">
      <Filter>Pliki zasobów</Filter>
    </None>
    <None Include="Obrazy\In-writing.gif">
      <Filter>Pliki zasobów</Filter>
    </None>
    <None Include="Obrazy\processfull.gif">
      <Filter>Pliki zasobów</Filter>
    </None>
    <None Include="Obrazy\Processing.gif">
      <Filter>Pliki zasobów</Filter>
    </None>
    <None Include="Obrazy\RegisteringOk.gif">
      <Filter>Pliki zasobów</Filter>
    </None>
    <None Include="Obrazy\*.gif">
      <Filter>Pliki zasobów</Filter>
    </None>
    <None Include="Obrazy\*.gif">
      <Filter>Pliki zasobów</Filter>
    </None>
    <None Include="Obrazy\*.gif">
      <Filter>Pliki zasobów</Filter>
    </None>
    <None Include="Obrazy\*.gif">
      <Filter>Pliki zasobów</Filter>
    </None>
    <None Include="Obrazy\*.png">
      <Filter>Pliki zasobów</Filter>
    </None>
    <None Include="Obrazy\*.gif">
      <Filter>Pliki zasobów</Filter>
    </None>
    <None Include="Obrazy\*.gif">
      <Filter>Pliki zasobów</Filter>
    </None>
    <None Include="Obrazy\*.gif">
      <Filter>Pliki zasobów</Filter>
    </None>
    <None Include="Obrazy\*.gif">
      <Filter>Pliki zasobów</Filter>
    </None>
    <None Include="Obrazy\*.gif">
      <Filter>Pliki zasobów</Filter>
    </None>
    <None Include="Obrazy\*.png">
      <Filter>Pliki zasobów</Filter>
    </None>
    <None Include="Obrazy\*.gif">
      <Filter>Pliki zasobów</Filter>
    </None>
    <None Include="Obrazy\*.gif">
      <Filter>Pliki zasobów</Filter>
    </None>
    <None Include="Obrazy\*.gif">
      <Filter>Pliki zasobów</Filter>
    </None>
    <None Include="Obrazy\*.gif">
      <Filter>Pliki zasobów</Filter>
    </None>
    <None Include="Obrazy\*.gif">
      <Filter>Pliki zasobów</Filter>
    </None>
    <None Include=".gitignore" />
    <None Include="Obrazy\*.png">
      <Filter>Pliki zasobów</Filter>
    </None>
    <None Include="Obrazy\*.gif">
      <Filter>Pliki zasobów</Filter>
    </None>
    <None Include="Obrazy\*.gif">
      <Filter>Pliki zasobów</Filter>
    </None>
    <None Include="Obrazy\*.gif">
      <Filter>Pliki zasobów</Filter>
    </None>
    <None Include="Obrazy\*.gif">
      <Filter>Pliki zasobów</Filter>
    </None>
    <None Include="Obrazy\*.gif">
      <Filter>Pliki zasobów</Filter>
    </None>
  </ItemGroup>
  <ItemGroup>
    <None Include="Obrazy\*.gif">
      <CopyToOutputDirectory>PreserveNewest</CopyToOutputDirectory>
    </None>
    <None Include="Obrazy\*.png">
      <CopyToOutputDirectory>PreserveNewest</CopyToOutputDirectory>
    </None>
  </ItemGroup>
  <ItemGroup>
    <EmbeddedResource Include="Logowanie.resx">
      <Filter>Pliki zasobów</Filter>
    </EmbeddedResource>
  </ItemGroup>
  <ItemGroup>
    <Image Include="Obrazy\*.gif">
      <Filter>Pliki zasobów</Filter>
    </Image>
    <Image Include="Obrazy\complete2.gif">
      <Filter>Pliki zasobów</Filter>
    </Image>
    <Image Include="Obrazy\In-writing.gif">
      <Filter>Pliki zasobów</Filter>
    </Image>
    <Image Include="Obrazy\processfull.gif">
      <Filter>Pliki zasobów</Filter>
    </Image>
    <Image Include="Obrazy\Processing.gif">
      <Filter>Pliki zasobów</Filter>
    </Image>
    <Image Include="Obrazy\RegisteringOk.gif">
      <Filter>Pliki zasobów</Filter>
    </Image>
    <Image Include="Obrazy\*.png">
      <Filter>Pliki zasobów</Filter>
    </Image>
    <Image Include="Obrazy\accessout.png">
      <Filter>Pliki zasobów</Filter>
    </Image>
  </ItemGroup>
</Project>